
Microsoft Visual Studio Solution File, Format Version 12.00
# Visual Studio Version 16
VisualStudioVersion = 16.0.809.3
MinimumVisualStudioVersion = 10.0.40219.1
Project("{FAE04EC0-301F-11D3-BF4B-00C04F79EFBC}") = "Recommendations", "Recommendations.csproj", "{EA3EF5E9-6488-47EF-974E-D3B5918A111E}"
EndProject
Global
	GlobalSection(SolutionConfigurationPlatforms) = preSolution
		Debug|Any CPU = Debug|Any CPU
		Release|Any CPU = Release|Any CPU
	EndGlobalSection
	GlobalSection(ProjectConfigurationPlatforms) = postSolution
		{EA3EF5E9-6488-47EF-974E-D3B5918A111E}.Debug|Any CPU.ActiveCfg = Debug|Any CPU
		{EA3EF5E9-6488-47EF-974E-D3B5918A111E}.Debug|Any CPU.Build.0 = Debug|Any CPU
		{EA3EF5E9-6488-47EF-974E-D3B5918A111E}.Release|Any CPU.ActiveCfg = Release|Any CPU
		{EA3EF5E9-6488-47EF-974E-D3B5918A111E}.Release|Any CPU.Build.0 = Release|Any CPU
	EndGlobalSection
	GlobalSection(SolutionProperties) = preSolution
		HideSolutionNode = FALSE
	EndGlobalSection
	GlobalSection(ExtensibilityGlobals) = postSolution
		SolutionGuid = {162AC3D0-76B8-44E8-A98B-2AB70CA92423}
	EndGlobalSection
EndGlobal
